// !$*UTF8*$!
{
	archiveVersion = 1;
	classes = {
	};
	objectVersion = 48;
	objects = {

/* Begin PBXBuildFile section */
		089EC460210950A200F49BA1 /* AppDelegate.swift in Sources */ = {isa = PBXBuildFile; fileRef = 089EC45F210950A200F49BA1 /* AppDelegate.swift */; };
		089EC465210950A200F49BA1 /* Main.storyboard in Resources */ = {isa = PBXBuildFile; fileRef = 089EC463210950A200F49BA1 /* Main.storyboard */; };
		089EC467210950A200F49BA1 /* Assets.xcassets in Resources */ = {isa = PBXBuildFile; fileRef = 089EC466210950A200F49BA1 /* Assets.xcassets */; };
		089EC46A210950A200F49BA1 /* LaunchScreen.storyboard in Resources */ = {isa = PBXBuildFile; fileRef = 089EC468210950A200F49BA1 /* LaunchScreen.storyboard */; };
		089EC475210950A200F49BA1 /* DouYuTests.swift in Sources */ = {isa = PBXBuildFile; fileRef = 089EC474210950A200F49BA1 /* DouYuTests.swift */; };
		089EC480210950A200F49BA1 /* DouYuUITests.swift in Sources */ = {isa = PBXBuildFile; fileRef = 089EC47F210950A200F49BA1 /* DouYuUITests.swift */; };
		089EC496210952B600F49BA1 /* Home.storyboard in Resources */ = {isa = PBXBuildFile; fileRef = 089EC494210952B600F49BA1 /* Home.storyboard */; };
		089EC499210952D400F49BA1 /* Column.storyboard in Resources */ = {isa = PBXBuildFile; fileRef = 089EC497210952D400F49BA1 /* Column.storyboard */; };
		089EC49C210952F300F49BA1 /* Live.storyboard in Resources */ = {isa = PBXBuildFile; fileRef = 089EC49A210952F300F49BA1 /* Live.storyboard */; };
		089EC49F2109531400F49BA1 /* User.storyboard in Resources */ = {isa = PBXBuildFile; fileRef = 089EC49D2109531400F49BA1 /* User.storyboard */; };
		089EC4A921095AD000F49BA1 /* MainViewController.swift in Sources */ = {isa = PBXBuildFile; fileRef = 089EC4A621095ACF00F49BA1 /* MainViewController.swift */; };
		089EC4AB21095B3C00F49BA1 /* HomeViewController.swift in Sources */ = {isa = PBXBuildFile; fileRef = 089EC4AA21095B3C00F49BA1 /* HomeViewController.swift */; };
/* End PBXBuildFile section */

/* Begin PBXContainerItemProxy section */
		089EC471210950A200F49BA1 /* PBXContainerItemProxy */ = {
			isa = PBXContainerItemProxy;
			containerPortal = 089EC454210950A200F49BA1 /* Project object */;
			proxyType = 1;
			remoteGlobalIDString = 089EC45B210950A200F49BA1;
			remoteInfo = DouYu;
		};
		089EC47C210950A200F49BA1 /* PBXContainerItemProxy */ = {
			isa = PBXContainerItemProxy;
			containerPortal = 089EC454210950A200F49BA1 /* Project object */;
			proxyType = 1;
			remoteGlobalIDString = 089EC45B210950A200F49BA1;
			remoteInfo = DouYu;
		};
/* End PBXContainerItemProxy section */

/* Begin PBXFileReference section */
		089EC45C210950A200F49BA1 /* DouYu.app */ = {isa = PBXFileReference; explicitFileType = wrapper.application; includeInIndex = 0; path = DouYu.app; sourceTree = BUILT_PRODUCTS_DIR; };
		089EC45F210950A200F49BA1 /* AppDelegate.swift */ = {isa = PBXFileReference; lastKnownFileType = sourcecode.swift; path = AppDelegate.swift; sourceTree = "<group>"; };
		089EC464210950A200F49BA1 /* Base */ = {isa = PBXFileReference; lastKnownFileType = file.storyboard; name = Base; path = Base.lproj/Main.storyboard; sourceTree = "<group>"; };
		089EC466210950A200F49BA1 /* Assets.xcassets */ = {isa = PBXFileReference; lastKnownFileType = folder.assetcatalog; path = Assets.xcassets; sourceTree = "<group>"; };
		089EC469210950A200F49BA1 /* Base */ = {isa = PBXFileReference; lastKnownFileType = file.storyboard; name = Base; path = Base.lproj/LaunchScreen.storyboard; sourceTree = "<group>"; };
		089EC46B210950A200F49BA1 /* Info.plist */ = {isa = PBXFileReference; lastKnownFileType = text.plist.xml; path = Info.plist; sourceTree = "<group>"; };
		089EC470210950A200F49BA1 /* DouYuTests.xctest */ = {isa = PBXFileReference; explicitFileType = wrapper.cfbundle; includeInIndex = 0; path = DouYuTests.xctest; sourceTree = BUILT_PRODUCTS_DIR; };
		089EC474210950A200F49BA1 /* DouYuTests.swift */ = {isa = PBXFileReference; lastKnownFileType = sourcecode.swift; path = DouYuTests.swift; sourceTree = "<group>"; };
		089EC476210950A200F49BA1 /* Info.plist */ = {isa = PBXFileReference; lastKnownFileType = text.plist.xml; path = Info.plist; sourceTree = "<group>"; };
		089EC47B210950A200F49BA1 /* DouYuUITests.xctest */ = {isa = PBXFileReference; explicitFileType = wrapper.cfbundle; includeInIndex = 0; path = DouYuUITests.xctest; sourceTree = BUILT_PRODUCTS_DIR; };
		089EC47F210950A200F49BA1 /* DouYuUITests.swift */ = {isa = PBXFileReference; lastKnownFileType = sourcecode.swift; path = DouYuUITests.swift; sourceTree = "<group>"; };
		089EC481210950A200F49BA1 /* Info.plist */ = {isa = PBXFileReference; lastKnownFileType = text.plist.xml; path = Info.plist; sourceTree = "<group>"; };
		089EC495210952B600F49BA1 /* Base */ = {isa = PBXFileReference; lastKnownFileType = file.storyboard; name = Base; path = DouYu/Base.lproj/Home.storyboard; sourceTree = "<group>"; };
		089EC498210952D400F49BA1 /* Base */ = {isa = PBXFileReference; lastKnownFileType = file.storyboard; name = Base; path = DouYu/Base.lproj/Column.storyboard; sourceTree = "<group>"; };
		089EC49B210952F300F49BA1 /* Base */ = {isa = PBXFileReference; lastKnownFileType = file.storyboard; name = Base; path = DouYu/Base.lproj/Live.storyboard; sourceTree = "<group>"; };
		089EC49E2109531400F49BA1 /* Base */ = {isa = PBXFileReference; lastKnownFileType = file.storyboard; name = Base; path = DouYu/Base.lproj/User.storyboard; sourceTree = "<group>"; };
		089EC4A621095ACF00F49BA1 /* MainViewController.swift */ = {isa = PBXFileReference; fileEncoding = 4; lastKnownFileType = sourcecode.swift; path = MainViewController.swift; sourceTree = "<group>"; };
		089EC4AA21095B3C00F49BA1 /* HomeViewController.swift */ = {isa = PBXFileReference; lastKnownFileType = sourcecode.swift; path = HomeViewController.swift; sourceTree = "<group>"; };
/* End PBXFileReference section */

/* Begin PBXFrameworksBuildPhase section */
		089EC459210950A200F49BA1 /* Frameworks */ = {
			isa = PBXFrameworksBuildPhase;
			buildActionMask = 2147483647;
			files = (
			);
			runOnlyForDeploymentPostprocessing = 0;
		};
		089EC46D210950A200F49BA1 /* Frameworks */ = {
			isa = PBXFrameworksBuildPhase;
			buildActionMask = 2147483647;
			files = (
			);
			runOnlyForDeploymentPostprocessing = 0;
		};
		089EC478210950A200F49BA1 /* Frameworks */ = {
			isa = PBXFrameworksBuildPhase;
			buildActionMask = 2147483647;
			files = (
			);
			runOnlyForDeploymentPostprocessing = 0;
		};
/* End PBXFrameworksBuildPhase section */

/* Begin PBXGroup section */
		089EC453210950A200F49BA1 = {
			isa = PBXGroup;
			children = (
				089EC45E210950A200F49BA1 /* DouYu */,
				089EC473210950A200F49BA1 /* DouYuTests */,
				089EC47E210950A200F49BA1 /* DouYuUITests */,
				089EC45D210950A200F49BA1 /* Products */,
			);
			sourceTree = "<group>";
		};
		089EC45D210950A200F49BA1 /* Products */ = {
			isa = PBXGroup;
			children = (
				089EC45C210950A200F49BA1 /* DouYu.app */,
				089EC470210950A200F49BA1 /* DouYuTests.xctest */,
				089EC47B210950A200F49BA1 /* DouYuUITests.xctest */,
			);
			name = Products;
			sourceTree = "<group>";
		};
		089EC45E210950A200F49BA1 /* DouYu */ = {
			isa = PBXGroup;
			children = (
				089EC48D2109528F00F49BA1 /* Classes */,
				089EC45F210950A200F49BA1 /* AppDelegate.swift */,
				089EC466210950A200F49BA1 /* Assets.xcassets */,
				089EC468210950A200F49BA1 /* LaunchScreen.storyboard */,
				089EC46B210950A200F49BA1 /* Info.plist */,
			);
			path = DouYu;
			sourceTree = "<group>";
		};
		089EC473210950A200F49BA1 /* DouYuTests */ = {
			isa = PBXGroup;
			children = (
				089EC474210950A200F49BA1 /* DouYuTests.swift */,
				089EC476210950A200F49BA1 /* Info.plist */,
			);
			path = DouYuTests;
			sourceTree = "<group>";
		};
		089EC47E210950A200F49BA1 /* DouYuUITests */ = {
			isa = PBXGroup;
			children = (
				089EC47F210950A200F49BA1 /* DouYuUITests.swift */,
				089EC481210950A200F49BA1 /* Info.plist */,
			);
			path = DouYuUITests;
			sourceTree = "<group>";
		};
		089EC48D2109528F00F49BA1 /* Classes */ = {
			isa = PBXGroup;
			children = (
				089EC4932109528F00F49BA1 /* Main */,
				089EC48E2109528F00F49BA1 /* Home */,
				089EC4912109528F00F49BA1 /* Column */,
				089EC4922109528F00F49BA1 /* Live */,
				089EC4902109528F00F49BA1 /* User */,
				089EC48F2109528F00F49BA1 /* Tools */,
			);
			path = Classes;
			sourceTree = "<group>";
		};
		089EC48E2109528F00F49BA1 /* Home */ = {
			isa = PBXGroup;
			children = (
				089EC4A421095A4D00F49BA1 /* Model */,
				089EC4A321095A4D00F49BA1 /* View */,
				089EC4A221095A4D00F49BA1 /* Controller */,
			);
			path = Home;
			sourceTree = "<group>";
		};
		089EC48F2109528F00F49BA1 /* Tools */ = {
			isa = PBXGroup;
			children = (
			);
			path = Tools;
			sourceTree = "<group>";
		};
		089EC4902109528F00F49BA1 /* User */ = {
			isa = PBXGroup;
			children = (
				089EC49D2109531400F49BA1 /* User.storyboard */,
			);
			path = User;
			sourceTree = "<group>";
		};
		089EC4912109528F00F49BA1 /* Column */ = {
			isa = PBXGroup;
			children = (
				089EC497210952D400F49BA1 /* Column.storyboard */,
			);
			path = Column;
			sourceTree = "<group>";
		};
		089EC4922109528F00F49BA1 /* Live */ = {
			isa = PBXGroup;
			children = (
				089EC49A210952F300F49BA1 /* Live.storyboard */,
			);
			path = Live;
			sourceTree = "<group>";
		};
		089EC4932109528F00F49BA1 /* Main */ = {
			isa = PBXGroup;
			children = (
				089EC4A721095AD000F49BA1 /* Model */,
				089EC4A821095AD000F49BA1 /* View */,
				089EC4A521095ACF00F49BA1 /* Controller */,
			);
			path = Main;
			sourceTree = "<group>";
		};
		089EC4A221095A4D00F49BA1 /* Controller */ = {
			isa = PBXGroup;
			children = (
				089EC494210952B600F49BA1 /* Home.storyboard */,
				089EC4AA21095B3C00F49BA1 /* HomeViewController.swift */,
			);
			path = Controller;
			sourceTree = "<group>";
		};
		089EC4A321095A4D00F49BA1 /* View */ = {
			isa = PBXGroup;
			children = (
			);
			path = View;
			sourceTree = "<group>";
		};
		089EC4A421095A4D00F49BA1 /* Model */ = {
			isa = PBXGroup;
			children = (
			);
			path = Model;
			sourceTree = "<group>";
		};
		089EC4A521095ACF00F49BA1 /* Controller */ = {
			isa = PBXGroup;
			children = (
				089EC463210950A200F49BA1 /* Main.storyboard */,
				089EC4A621095ACF00F49BA1 /* MainViewController.swift */,
			);
			path = Controller;
			sourceTree = "<group>";
		};
		089EC4A721095AD000F49BA1 /* Model */ = {
			isa = PBXGroup;
			children = (
			);
			path = Model;
			sourceTree = "<group>";
		};
		089EC4A821095AD000F49BA1 /* View */ = {
			isa = PBXGroup;
			children = (
			);
			path = View;
			sourceTree = "<group>";
		};
/* End PBXGroup section */

/* Begin PBXNativeTarget section */
		089EC45B210950A200F49BA1 /* DouYu */ = {
			isa = PBXNativeTarget;
			buildConfigurationList = 089EC484210950A200F49BA1 /* Build configuration list for PBXNativeTarget "DouYu" */;
			buildPhases = (
				089EC458210950A200F49BA1 /* Sources */,
				089EC459210950A200F49BA1 /* Frameworks */,
				089EC45A210950A200F49BA1 /* Resources */,
			);
			buildRules = (
			);
			dependencies = (
			);
			name = DouYu;
			productName = DouYu;
			productReference = 089EC45C210950A200F49BA1 /* DouYu.app */;
			productType = "com.apple.product-type.application";
		};
		089EC46F210950A200F49BA1 /* DouYuTests */ = {
			isa = PBXNativeTarget;
			buildConfigurationList = 089EC487210950A200F49BA1 /* Build configuration list for PBXNativeTarget "DouYuTests" */;
			buildPhases = (
				089EC46C210950A200F49BA1 /* Sources */,
				089EC46D210950A200F49BA1 /* Frameworks */,
				089EC46E210950A200F49BA1 /* Resources */,
			);
			buildRules = (
			);
			dependencies = (
				089EC472210950A200F49BA1 /* PBXTargetDependency */,
			);
			name = DouYuTests;
			productName = DouYuTests;
			productReference = 089EC470210950A200F49BA1 /* DouYuTests.xctest */;
			productType = "com.apple.product-type.bundle.unit-test";
		};
		089EC47A210950A200F49BA1 /* DouYuUITests */ = {
			isa = PBXNativeTarget;
			buildConfigurationList = 089EC48A210950A200F49BA1 /* Build configuration list for PBXNativeTarget "DouYuUITests" */;
			buildPhases = (
				089EC477210950A200F49BA1 /* Sources */,
				089EC478210950A200F49BA1 /* Frameworks */,
				089EC479210950A200F49BA1 /* Resources */,
			);
			buildRules = (
			);
			dependencies = (
				089EC47D210950A200F49BA1 /* PBXTargetDependency */,
			);
			name = DouYuUITests;
			productName = DouYuUITests;
			productReference = 089EC47B210950A200F49BA1 /* DouYuUITests.xctest */;
			productType = "com.apple.product-type.bundle.ui-testing";
		};
/* End PBXNativeTarget section */

/* Begin PBXProject section */
		089EC454210950A200F49BA1 /* Project object */ = {
			isa = PBXProject;
			attributes = {
				LastSwiftUpdateCheck = 0920;
				LastUpgradeCheck = 0920;
				ORGANIZATIONNAME = "李笑逸";
				TargetAttributes = {
					089EC45B210950A200F49BA1 = {
						CreatedOnToolsVersion = 9.2;
						ProvisioningStyle = Automatic;
					};
					089EC46F210950A200F49BA1 = {
						CreatedOnToolsVersion = 9.2;
						ProvisioningStyle = Automatic;
						TestTargetID = 089EC45B210950A200F49BA1;
					};
					089EC47A210950A200F49BA1 = {
						CreatedOnToolsVersion = 9.2;
						ProvisioningStyle = Automatic;
						TestTargetID = 089EC45B210950A200F49BA1;
					};
				};
			};
			buildConfigurationList = 089EC457210950A200F49BA1 /* Build configuration list for PBXProject "DouYu" */;
			compatibilityVersion = "Xcode 8.0";
			developmentRegion = en;
			hasScannedForEncodings = 0;
			knownRegions = (
				en,
				Base,
			);
			mainGroup = 089EC453210950A200F49BA1;
			productRefGroup = 089EC45D210950A200F49BA1 /* Products */;
			projectDirPath = "";
			projectRoot = "";
			targets = (
				089EC45B210950A200F49BA1 /* DouYu */,
				089EC46F210950A200F49BA1 /* DouYuTests */,
				089EC47A210950A200F49BA1 /* DouYuUITests */,
			);
		};
/* End PBXProject section */

/* Begin PBXResourcesBuildPhase section */
		089EC45A210950A200F49BA1 /* Resources */ = {
			isa = PBXResourcesBuildPhase;
			buildActionMask = 2147483647;
			files = (
				089EC499210952D400F49BA1 /* Column.storyboard in Resources */,
				089EC46A210950A200F49BA1 /* LaunchScreen.storyboard in Resources */,
				089EC49C210952F300F49BA1 /* Live.storyboard in Resources */,
				089EC467210950A200F49BA1 /* Assets.xcassets in Resources */,
				089EC465210950A200F49BA1 /* Main.storyboard in Resources */,
				089EC49F2109531400F49BA1 /* User.storyboard in Resources */,
				089EC496210952B600F49BA1 /* Home.storyboard in Resources */,
			);
			runOnlyForDeploymentPostprocessing = 0;
		};
		089EC46E210950A200F49BA1 /* Resources */ = {
			isa = PBXResourcesBuildPhase;
			buildActionMask = 2147483647;
			files = (
			);
			runOnlyForDeploymentPostprocessing = 0;
		};
		089EC479210950A200F49BA1 /* Resources */ = {
			isa = PBXResourcesBuildPhase;
			buildActionMask = 2147483647;
			files = (
			);
			runOnlyForDeploymentPostprocessing = 0;
		};
/* End PBXResourcesBuildPhase section */

/* Begin PBXSourcesBuildPhase section */
		089EC458210950A200F49BA1 /* Sources */ = {
			isa = PBXSourcesBuildPhase;
			buildActionMask = 2147483647;
			files = (
				089EC460210950A200F49BA1 /* AppDelegate.swift in Sources */,
				089EC4A921095AD000F49BA1 /* MainViewController.swift in Sources */,
				089EC4AB21095B3C00F49BA1 /* HomeViewController.swift in Sources */,
			);
			runOnlyForDeploymentPostprocessing = 0;
		};
		089EC46C210950A200F49BA1 /* Sources */ = {
			isa = PBXSourcesBuildPhase;
			buildActionMask = 2147483647;
			files = (
				089EC475210950A200F49BA1 /* DouYuTests.swift in Sources */,
			);
			runOnlyForDeploymentPostprocessing = 0;
		};
		089EC477210950A200F49BA1 /* Sources */ = {
			isa = PBXSourcesBuildPhase;
			buildActionMask = 2147483647;
			files = (
				089EC480210950A200F49BA1 /* DouYuUITests.swift in Sources */,
			);
			runOnlyForDeploymentPostprocessing = 0;
		};
/* End PBXSourcesBuildPhase section */

/* Begin PBXTargetDependency section */
		089EC472210950A200F49BA1 /* PBXTargetDependency */ = {
			isa = PBXTargetDependency;
			target = 089EC45B210950A200F49BA1 /* DouYu */;
			targetProxy = 089EC471210950A200F49BA1 /* PBXContainerItemProxy */;
		};
		089EC47D210950A200F49BA1 /* PBXTargetDependency */ = {
			isa = PBXTargetDependency;
			target = 089EC45B210950A200F49BA1 /* DouYu */;
			targetProxy = 089EC47C210950A200F49BA1 /* PBXContainerItemProxy */;
		};
/* End PBXTargetDependency section */

/* Begin PBXVariantGroup section */
		089EC463210950A200F49BA1 /* Main.storyboard */ = {
			isa = PBXVariantGroup;
			children = (
				089EC464210950A200F49BA1 /* Base */,
			);
			name = Main.storyboard;
			sourceTree = "<group>";
		};
		089EC468210950A200F49BA1 /* LaunchScreen.storyboard */ = {
			isa = PBXVariantGroup;
			children = (
				089EC469210950A200F49BA1 /* Base */,
			);
			name = LaunchScreen.storyboard;
			sourceTree = "<group>";
		};
		089EC494210952B600F49BA1 /* Home.storyboard */ = {
			isa = PBXVariantGroup;
			children = (
				089EC495210952B600F49BA1 /* Base */,
			);
			name = Home.storyboard;
			sourceTree = "<group>";
		};
		089EC497210952D400F49BA1 /* Column.storyboard */ = {
			isa = PBXVariantGroup;
			children = (
				089EC498210952D400F49BA1 /* Base */,
			);
			name = Column.storyboard;
			sourceTree = "<group>";
		};
		089EC49A210952F300F49BA1 /* Live.storyboard */ = {
			isa = PBXVariantGroup;
			children = (
				089EC49B210952F300F49BA1 /* Base */,
			);
			name = Live.storyboard;
			sourceTree = "<group>";
		};
		089EC49D2109531400F49BA1 /* User.storyboard */ = {
			isa = PBXVariantGroup;
			children = (
				089EC49E2109531400F49BA1 /* Base */,
			);
			name = User.storyboard;
			sourceTree = "<group>";
		};
/* End PBXVariantGroup section */

/* Begin XCBuildConfiguration section */
		089EC482210950A200F49BA1 /* Debug */ = {
			isa = XCBuildConfiguration;
			buildSettings = {
				ALWAYS_SEARCH_USER_PATHS = NO;
				CLANG_ANALYZER_NONNULL = YES;
				CLANG_ANALYZER_NUMBER_OBJECT_CONVERSION = YES_AGGRESSIVE;
				CLANG_CXX_LANGUAGE_STANDARD = "gnu++14";
				CLANG_CXX_LIBRARY = "libc++";
				CLANG_ENABLE_MODULES = YES;
				CLANG_ENABLE_OBJC_ARC = YES;
				CLANG_WARN_BLOCK_CAPTURE_AUTORELEASING = YES;
				CLANG_WARN_BOOL_CONVERSION = YES;
				CLANG_WARN_COMMA = YES;
				CLANG_WARN_CONSTANT_CONVERSION = YES;
				CLANG_WARN_DIRECT_OBJC_ISA_USAGE = YES_ERROR;
				CLANG_WARN_DOCUMENTATION_COMMENTS = YES;
				CLANG_WARN_EMPTY_BODY = YES;
				CLANG_WARN_ENUM_CONVERSION = YES;
				CLANG_WARN_INFINITE_RECURSION = YES;
				CLANG_WARN_INT_CONVERSION = YES;
				CLANG_WARN_NON_LITERAL_NULL_CONVERSION = YES;
				CLANG_WARN_OBJC_LITERAL_CONVERSION = YES;
				CLANG_WARN_OBJC_ROOT_CLASS = YES_ERROR;
				CLANG_WARN_RANGE_LOOP_ANALYSIS = YES;
				CLANG_WARN_STRICT_PROTOTYPES = YES;
				CLANG_WARN_SUSPICIOUS_MOVE = YES;
				CLANG_WARN_UNGUARDED_AVAILABILITY = YES_AGGRESSIVE;
				CLANG_WARN_UNREACHABLE_CODE = YES;
				CLANG_WARN__DUPLICATE_METHOD_MATCH = YES;
				CODE_SIGN_IDENTITY = "iPhone Developer";
				COPY_PHASE_STRIP = NO;
				DEBUG_INFORMATION_FORMAT = dwarf;
				ENABLE_STRICT_OBJC_MSGSEND = YES;
				ENABLE_TESTABILITY = YES;
				GCC_C_LANGUAGE_STANDARD = gnu11;
				GCC_DYNAMIC_NO_PIC = NO;
				GCC_NO_COMMON_BLOCKS = YES;
				GCC_OPTIMIZATION_LEVEL = 0;
				GCC_PREPROCESSOR_DEFINITIONS = (
					"DEBUG=1",
					"$(inherited)",
				);
				GCC_WARN_64_TO_32_BIT_CONVERSION = YES;
				GCC_WARN_ABOUT_RETURN_TYPE = YES_ERROR;
				GCC_WARN_UNDECLARED_SELECTOR = YES;
				GCC_WARN_UNINITIALIZED_AUTOS = YES_AGGRESSIVE;
				GCC_WARN_UNUSED_FUNCTION = YES;
				GCC_WARN_UNUSED_VARIABLE = YES;
				IPHONEOS_DEPLOYMENT_TARGET = 11.2;
				MTL_ENABLE_DEBUG_INFO = YES;
				ONLY_ACTIVE_ARCH = YES;
				SDKROOT = iphoneos;
				SWIFT_ACTIVE_COMPILATION_CONDITIONS = DEBUG;
				SWIFT_OPTIMIZATION_LEVEL = "-Onone";
			};
			name = Debug;
		};
		089EC483210950A200F49BA1 /* Release */ = {
			isa = XCBuildConfiguration;
			buildSettings = {
				ALWAYS_SEARCH_USER_PATHS = NO;
				CLANG_ANALYZER_NONNULL = YES;
				CLANG_ANALYZER_NUMBER_OBJECT_CONVERSION = YES_AGGRESSIVE;
				CLANG_CXX_LANGUAGE_STANDARD = "gnu++14";
				CLANG_CXX_LIBRARY = "libc++";
				CLANG_ENABLE_MODULES = YES;
				CLANG_ENABLE_OBJC_ARC = YES;
				CLANG_WARN_BLOCK_CAPTURE_AUTORELEASING = YES;
				CLANG_WARN_BOOL_CONVERSION = YES;
				CLANG_WARN_COMMA = YES;
				CLANG_WARN_CONSTANT_CONVERSION = YES;
				CLANG_WARN_DIRECT_OBJC_ISA_USAGE = YES_ERROR;
				CLANG_WARN_DOCUMENTATION_COMMENTS = YES;
				CLANG_WARN_EMPTY_BODY = YES;
				CLANG_WARN_ENUM_CONVERSION = YES;
				CLANG_WARN_INFINITE_RECURSION = YES;
				CLANG_WARN_INT_CONVERSION = YES;
				CLANG_WARN_NON_LITERAL_NULL_CONVERSION = YES;
				CLANG_WARN_OBJC_LITERAL_CONVERSION = YES;
				CLANG_WARN_OBJC_ROOT_CLASS = YES_ERROR;
				CLANG_WARN_RANGE_LOOP_ANALYSIS = YES;
				CLANG_WARN_STRICT_PROTOTYPES = YES;
				CLANG_WARN_SUSPICIOUS_MOVE = YES;
				CLANG_WARN_UNGUARDED_AVAILABILITY = YES_AGGRESSIVE;
				CLANG_WARN_UNREACHABLE_CODE = YES;
				CLANG_WARN__DUPLICATE_METHOD_MATCH = YES;
				CODE_SIGN_IDENTITY = "iPhone Developer";
				COPY_PHASE_STRIP = NO;
				DEBUG_INFORMATION_FORMAT = "dwarf-with-dsym";
				ENABLE_NS_ASSERTIONS = NO;
				ENABLE_STRICT_OBJC_MSGSEND = YES;
				GCC_C_LANGUAGE_STANDARD = gnu11;
				GCC_NO_COMMON_BLOCKS = YES;
				GCC_WARN_64_TO_32_BIT_CONVERSION = YES;
				GCC_WARN_ABOUT_RETURN_TYPE = YES_ERROR;
				GCC_WARN_UNDECLARED_SELECTOR = YES;
				GCC_WARN_UNINITIALIZED_AUTOS = YES_AGGRESSIVE;
				GCC_WARN_UNUSED_FUNCTION = YES;
				GCC_WARN_UNUSED_VARIABLE = YES;
				IPHONEOS_DEPLOYMENT_TARGET = 11.2;
				MTL_ENABLE_DEBUG_INFO = NO;
				SDKROOT = iphoneos;
				SWIFT_OPTIMIZATION_LEVEL = "-Owholemodule";
				VALIDATE_PRODUCT = YES;
			};
			name = Release;
		};
		089EC485210950A200F49BA1 /* Debug */ = {
			isa = XCBuildConfiguration;
			buildSettings = {
				ASSETCATALOG_COMPILER_APPICON_NAME = AppIcon;
				ASSETCATALOG_COMPILER_LAUNCHIMAGE_NAME = LaunchImage;
				CODE_SIGN_STYLE = Automatic;
				INFOPLIST_FILE = DouYu/Info.plist;
				IPHONEOS_DEPLOYMENT_TARGET = 9.0;
				LD_RUNPATH_SEARCH_PATHS = "$(inherited) @executable_path/Frameworks";
				PRODUCT_BUNDLE_IDENTIFIER = com.shentian.FirstProgram.DouYu;
				PRODUCT_NAME = "$(TARGET_NAME)";
				SWIFT_VERSION = 4.0;
				TARGETED_DEVICE_FAMILY = "1,2";
			};
			name = Debug;
		};
		089EC486210950A200F49BA1 /* Release */ = {
			isa = XCBuildConfiguration;
			buildSettings = {
				ASSETCATALOG_COMPILER_APPICON_NAME = AppIcon;
				ASSETCATALOG_COMPILER_LAUNCHIMAGE_NAME = LaunchImage;
				CODE_SIGN_STYLE = Automatic;
				INFOPLIST_FILE = DouYu/Info.plist;
				IPHONEOS_DEPLOYMENT_TARGET = 9.0;
				LD_RUNPATH_SEARCH_PATHS = "$(inherited) @executable_path/Frameworks";
				PRODUCT_BUNDLE_IDENTIFIER = com.shentian.FirstProgram.DouYu;
				PRODUCT_NAME = "$(TARGET_NAME)";
				SWIFT_VERSION = 4.0;
				TARGETED_DEVICE_FAMILY = "1,2";
			};
			name = Release;
		};
		089EC488210950A200F49BA1 /* Debug */ = {
			isa = XCBuildConfiguration;
			buildSettings = {
				ALWAYS_EMBED_SWIFT_STANDARD_LIBRARIES = YES;
				BUNDLE_LOADER = "$(TEST_HOST)";
				CODE_SIGN_STYLE = Automatic;
				INFOPLIST_FILE = DouYuTests/Info.plist;
				LD_RUNPATH_SEARCH_PATHS = "$(inherited) @executable_path/Frameworks @loader_path/Frameworks";
				PRODUCT_BUNDLE_IDENTIFIER = com.shentian.FirstProgram.DouYuTests;
				PRODUCT_NAME = "$(TARGET_NAME)";
				SWIFT_VERSION = 4.0;
				TARGETED_DEVICE_FAMILY = "1,2";
				TEST_HOST = "$(BUILT_PRODUCTS_DIR)/DouYu.app/DouYu";
			};
			name = Debug;
		};
		089EC489210950A200F49BA1 /* Release */ = {
			isa = XCBuildConfiguration;
			buildSettings = {
				ALWAYS_EMBED_SWIFT_STANDARD_LIBRARIES = YES;
				BUNDLE_LOADER = "$(TEST_HOST)";
				CODE_SIGN_STYLE = Automatic;
				INFOPLIST_FILE = DouYuTests/Info.plist;
				LD_RUNPATH_SEARCH_PATHS = "$(inherited) @executable_path/Frameworks @loader_path/Frameworks";
				PRODUCT_BUNDLE_IDENTIFIER = com.shentian.FirstProgram.DouYuTests;
				PRODUCT_NAME = "$(TARGET_NAME)";
				SWIFT_VERSION = 4.0;
				TARGETED_DEVICE_FAMILY = "1,2";
				TEST_HOST = "$(BUILT_PRODUCTS_DIR)/DouYu.app/DouYu";
			};
			name = Release;
		};
		089EC48B210950A200F49BA1 /* Debug */ = {
			isa = XCBuildConfiguration;
			buildSettings = {
				ALWAYS_EMBED_SWIFT_STANDARD_LIBRARIES = YES;
				CODE_SIGN_STYLE = Automatic;
				INFOPLIST_FILE = DouYuUITests/Info.plist;
				LD_RUNPATH_SEARCH_PATHS = "$(inherited) @executable_path/Frameworks @loader_path/Frameworks";
				PRODUCT_BUNDLE_IDENTIFIER = com.shentian.FirstProgram.DouYuUITests;
				PRODUCT_NAME = "$(TARGET_NAME)";
				SWIFT_VERSION = 4.0;
				TARGETED_DEVICE_FAMILY = "1,2";
				TEST_TARGET_NAME = DouYu;
			};
			name = Debug;
		};
		089EC48C210950A200F49BA1 /* Release */ = {
			isa = XCBuildConfiguration;
			buildSettings = {
				ALWAYS_EMBED_SWIFT_STANDARD_LIBRARIES = YES;
				CODE_SIGN_STYLE = Automatic;
				INFOPLIST_FILE = DouYuUITests/Info.plist;
				LD_RUNPATH_SEARCH_PATHS = "$(inherited) @executable_path/Frameworks @loader_path/Frameworks";
				PRODUCT_BUNDLE_IDENTIFIER = com.shentian.FirstProgram.DouYuUITests;
				PRODUCT_NAME = "$(TARGET_NAME)";
				SWIFT_VERSION = 4.0;
				TARGETED_DEVICE_FAMILY = "1,2";
				TEST_TARGET_NAME = DouYu;
			};
			name = Release;
		};
/* End XCBuildConfiguration section */

/* Begin XCConfigurationList section */
		089EC457210950A200F49BA1 /* Build configuration list for PBXProject "DouYu" */ = {
			isa = XCConfigurationList;
			buildConfigurations = (
				089EC482210950A200F49BA1 /* Debug */,
				089EC483210950A200F49BA1 /* Release */,
			);
			defaultConfigurationIsVisible = 0;
			defaultConfigurationName = Release;
		};
		089EC484210950A200F49BA1 /* Build configuration list for PBXNativeTarget "DouYu" */ = {
			isa = XCConfigurationList;
			buildConfigurations = (
				089EC485210950A200F49BA1 /* Debug */,
				089EC486210950A200F49BA1 /* Release */,
			);
			defaultConfigurationIsVisible = 0;
			defaultConfigurationName = Release;
		};
		089EC487210950A200F49BA1 /* Build configuration list for PBXNativeTarget "DouYuTests" */ = {
			isa = XCConfigurationList;
			buildConfigurations = (
				089EC488210950A200F49BA1 /* Debug */,
				089EC489210950A200F49BA1 /* Release */,
			);
			defaultConfigurationIsVisible = 0;
			defaultConfigurationName = Release;
		};
		089EC48A210950A200F49BA1 /* Build configuration list for PBXNativeTarget "DouYuUITests" */ = {
			isa = XCConfigurationList;
			buildConfigurations = (
				089EC48B210950A200F49BA1 /* Debug */,
				089EC48C210950A200F49BA1 /* Release */,
			);
			defaultConfigurationIsVisible = 0;
			defaultConfigurationName = Release;
		};
/* End XCConfigurationList section */
	};
	rootObject = 089EC454210950A200F49BA1 /* Project object */;
}
